
Microsoft Visual Studio Solution File, Format Version 12.00
# Visual Studio Version 17
VisualStudioVersion = 17.8.34330.188
MinimumVisualStudioVersion = 10.0.40219.1
Project("{FAE04EC0-301F-11D3-BF4B-00C04F79EFBC}") = "stock-quote-alert", "stock-quote-alert\stock-quote-alert.csproj", "{5C4165FD-E3FD-4A24-9752-11823389CB97}"
EndProject
Global
	GlobalSection(SolutionConfigurationPlatforms) = preSolution
		Debug|Any CPU = Debug|Any CPU
		Release|Any CPU = Release|Any CPU
	EndGlobalSection
	GlobalSection(ProjectConfigurationPlatforms) = postSolution
		{5C4165FD-E3FD-4A24-9752-11823389CB97}.Debug|Any CPU.ActiveCfg = Debug|Any CPU
		{5C4165FD-E3FD-4A24-9752-11823389CB97}.Debug|Any CPU.Build.0 = Debug|Any CPU
		{5C4165FD-E3FD-4A24-9752-11823389CB97}.Release|Any CPU.ActiveCfg = Release|Any CPU
		{5C4165FD-E3FD-4A24-9752-11823389CB97}.Release|Any CPU.Build.0 = Release|Any CPU
	EndGlobalSection
	GlobalSection(SolutionProperties) = preSolution
		HideSolutionNode = FALSE
	EndGlobalSection
	GlobalSection(ExtensibilityGlobals) = postSolution
		SolutionGuid = {538FAE5F-76DE-437B-AE50-765AC8089098}
	EndGlobalSection
EndGlobal
